
Microsoft Visual Studio Solution File, Format Version 12.00
# Visual Studio Version 16
VisualStudioVersion = 16.0.32510.428
MinimumVisualStudioVersion = 10.0.40219.1
Project("{FAE04EC0-301F-11D3-BF4B-00C04F79EFBC}") = "CursoMVC", "CursoMVC\CursoMVC.csproj", "{51B17DBC-144F-46A4-AC4C-5627A73161F1}"
EndProject
Global
	GlobalSection(SolutionConfigurationPlatforms) = preSolution
		Debug|Any CPU = Debug|Any CPU
		Release|Any CPU = Release|Any CPU
	EndGlobalSection
	GlobalSection(ProjectConfigurationPlatforms) = postSolution
		{51B17DBC-144F-46A4-AC4C-5627A73161F1}.Debug|Any CPU.ActiveCfg = Debug|Any CPU
		{51B17DBC-144F-46A4-AC4C-5627A73161F1}.Debug|Any CPU.Build.0 = Debug|Any CPU
		{51B17DBC-144F-46A4-AC4C-5627A73161F1}.Release|Any CPU.ActiveCfg = Release|Any CPU
		{51B17DBC-144F-46A4-AC4C-5627A73161F1}.Release|Any CPU.Build.0 = Release|Any CPU
	EndGlobalSection
	GlobalSection(SolutionProperties) = preSolution
		HideSolutionNode = FALSE
	EndGlobalSection
	GlobalSection(ExtensibilityGlobals) = postSolution
		SolutionGuid = {5B58BCA8-D51F-4FB2-B114-5EEED5AE54D4}
	EndGlobalSection
EndGlobal
